<?xml version="1.0" encoding="utf-8"?>
<Project ToolsVersion="4.0" xmlns="http://schemas.microsoft.com/developer/msbuild/2003">
  <ItemGroup>
    <Filter Include="소스 파일">
      <UniqueIdentifier>{4FC737F1-C7A5-4376-A066-2A32D752A2FF}</UniqueIdentifier>
      <Extensions>cpp;c;cc;cxx;def;odl;idl;hpj;bat;asm;asmx</Extensions>
    </Filter>
    <Filter Include="헤더 파일">
      <UniqueIdentifier>{93995380-89BD-4b04-88EB-625FBE52EBFB}</UniqueIdentifier>
      <Extensions>h;hh;hpp;hxx;hm;inl;inc;ipp;xsd</Extensions>
    </Filter>
    <Filter Include="리소스 파일">
      <UniqueIdentifier>{67DA6AB6-F800-4c08-8B7A-83BB121AAD01}</UniqueIdentifier>
      <Extensions>rc;ico;cur;bmp;dlg;rc2;rct;bin;rgs;gif;jpg;jpeg;jpe;resx;tiff;tif;png;wav;mfcribbon-ms</Extensions>
    </Filter>
    <Filter Include="소스 파일\클래스 복습">
      <UniqueIdentifier>{7bd80860-a3be-4ff1-822f-4ca51292ba11}</UniqueIdentifier>
    </Filter>
    <Filter Include="소스 파일\1주 1일">
      <UniqueIdentifier>{d13dc9c1-475c-4dad-911a-c2ff9e7b20e3}</UniqueIdentifier>
    </Filter>
    <Filter Include="소스 파일\1주 2일">
      <UniqueIdentifier>{cb678cd7-1286-4c15-9ae6-1d37db6bca42}</UniqueIdentifier>
    </Filter>
    <Filter Include="소스 파일\2주 1일">
      <UniqueIdentifier>{4e8a323b-ad52-4baf-9181-035000d39da9}</UniqueIdentifier>
    </Filter>
    <Filter Include="소스 파일\2주 1일\2주1일_과제">
      <UniqueIdentifier>{85e113d6-7fc7-4412-8620-17c82cc46c4d}</UniqueIdentifier>
    </Filter>
    <Filter Include="소스 파일\2주 1일\강의">
      <UniqueIdentifier>{e9e0f584-f01c-44cc-bbda-9995878ac52a}</UniqueIdentifier>
    </Filter>
    <Filter Include="소스 파일\2주 2일">
      <UniqueIdentifier>{60cfd57f-943b-4ff3-b26c-5e24da08041d}</UniqueIdentifier>
    </Filter>
    <Filter Include="소스 파일\2주 2일\과제">
      <UniqueIdentifier>{ec8a9748-f753-4ed1-836d-06d6b4e32428}</UniqueIdentifier>
    </Filter>
  </ItemGroup>
  <ItemGroup>
    <ClCompile Include="소스.cpp">
      <Filter>소스 파일\1주 1일</Filter>
    </ClCompile>
    <ClCompile Include="Q1.cpp">
      <Filter>소스 파일\클래스 복습</Filter>
    </ClCompile>
    <ClCompile Include="Q6.cpp">
      <Filter>소스 파일\클래스 복습</Filter>
    </ClCompile>
    <ClCompile Include="Q7.cpp">
      <Filter>소스 파일\클래스 복습</Filter>
    </ClCompile>
    <ClCompile Include="파일입출력.cpp">
      <Filter>소스 파일\1주 2일</Filter>
    </ClCompile>
    <ClCompile Include="save함수.cpp">
      <Filter>소스 파일</Filter>
    </ClCompile>
    <ClCompile Include="메모리_값_그대로저장.cpp">
      <Filter>소스 파일\2주 1일\강의</Filter>
    </ClCompile>
    <ClCompile Include="정렬_qsort.cpp">
      <Filter>소스 파일\2주 1일\강의</Filter>
    </ClCompile>
    <ClCompile Include="정렬_qsort람다사용.cpp">
      <Filter>소스 파일\2주 1일\강의</Filter>
    </ClCompile>
    <ClCompile Include="정렬_sort.cpp">
      <Filter>소스 파일\2주 1일\강의</Filter>
    </ClCompile>
    <ClCompile Include="최댓값찾기_바이너리파일.cpp">
      <Filter>소스 파일\2주 1일\강의</Filter>
    </ClCompile>
    <ClCompile Include="파일저장_용량.cpp">
      <Filter>소스 파일\2주 1일\강의</Filter>
    </ClCompile>
    <ClCompile Include="문제1.cpp">
      <Filter>소스 파일\2주 1일\2주1일_과제</Filter>
    </ClCompile>
    <ClCompile Include="실행시간측정.cpp">
      <Filter>소스 파일\2주 2일</Filter>
    </ClCompile>
    <ClCompile Include="실행시간측정_c++답게.cpp">
      <Filter>소스 파일\2주 2일</Filter>
    </ClCompile>
    <ClCompile Include="sort_시간측정.cpp">
      <Filter>소스 파일\2주 2일</Filter>
    </ClCompile>
    <ClCompile Include="템플릿과제너릭.cpp">
      <Filter>소스 파일\2주 2일</Filter>
    </ClCompile>
    <ClCompile Include="실습1.cpp">
      <Filter>소스 파일\2주 2일</Filter>
    </ClCompile>
    <ClCompile Include="2주2일_문제1.cpp">
      <Filter>소스 파일\2주 2일\과제</Filter>
    </ClCompile>
    <ClCompile Include="2주2일_문제2.cpp">
      <Filter>소스 파일\2주 2일\과제</Filter>
    </ClCompile>
  </ItemGroup>
  <ItemGroup>
    <ClInclude Include="default.h">
      <Filter>헤더 파일</Filter>
    </ClInclude>
  </ItemGroup>
</Project>