<?xml version="1.0" encoding="utf-8"?>
<Project ToolsVersion="4.0" xmlns="http://schemas.microsoft.com/developer/msbuild/2003">
  <ItemGroup>
    <Filter Include="소스 파일">
      <UniqueIdentifier>{4FC737F1-C7A5-4376-A066-2A32D752A2FF}</UniqueIdentifier>
      <Extensions>cpp;c;cc;cxx;c++;def;odl;idl;hpj;bat;asm;asmx</Extensions>
    </Filter>
    <Filter Include="헤더 파일">
      <UniqueIdentifier>{93995380-89BD-4b04-88EB-625FBE52EBFB}</UniqueIdentifier>
      <Extensions>h;hh;hpp;hxx;h++;hm;inl;inc;ipp;xsd</Extensions>
    </Filter>
    <Filter Include="리소스 파일">
      <UniqueIdentifier>{67DA6AB6-F800-4c08-8B7A-83BB121AAD01}</UniqueIdentifier>
      <Extensions>rc;ico;cur;bmp;dlg;rc2;rct;bin;rgs;gif;jpg;jpeg;jpe;resx;tiff;tif;png;wav;mfcribbon-ms</Extensions>
    </Filter>
    <Filter Include="소스 파일\STL">
      <UniqueIdentifier>{e28c0564-a2e9-4ebe-9a0c-4d7d70a15787}</UniqueIdentifier>
    </Filter>
    <Filter Include="소스 파일\STL\vector">
      <UniqueIdentifier>{809bc6eb-8fdc-4f2f-a962-576da4e6e3dd}</UniqueIdentifier>
    </Filter>
    <Filter Include="소스 파일\STL\list">
      <UniqueIdentifier>{b28d5aea-8bdf-458a-a1ec-e23d59380a46}</UniqueIdentifier>
    </Filter>
    <Filter Include="소스 파일\STL\파일열기">
      <UniqueIdentifier>{2d3282cb-271d-493b-82c0-7acf01a2b792}</UniqueIdentifier>
    </Filter>
    <Filter Include="소스 파일\STL\반복자">
      <UniqueIdentifier>{ac937e3e-94b3-428a-8168-0dc690b7d212}</UniqueIdentifier>
    </Filter>
    <Filter Include="소스 파일\STL\제네릭 함수">
      <UniqueIdentifier>{e0266a71-a5cb-4551-8b33-e3d92e563dfa}</UniqueIdentifier>
    </Filter>
    <Filter Include="소스 파일\STL\Map">
      <UniqueIdentifier>{8c420391-e500-4723-be8d-6676d0d57a6c}</UniqueIdentifier>
    </Filter>
  </ItemGroup>
  <ItemGroup>
    <ClCompile Include="1주1일-과제.cpp">
      <Filter>소스 파일</Filter>
    </ClCompile>
    <ClCompile Include="클래스복습.cpp">
      <Filter>소스 파일</Filter>
    </ClCompile>
    <ClCompile Include="클래스복습2.cpp">
      <Filter>소스 파일</Filter>
    </ClCompile>
    <ClCompile Include="클래스복습3.cpp">
      <Filter>소스 파일</Filter>
    </ClCompile>
    <ClCompile Include="2주1일-과제.cpp">
      <Filter>소스 파일</Filter>
    </ClCompile>
    <ClCompile Include="시간측정.cpp">
      <Filter>소스 파일</Filter>
    </ClCompile>
    <ClCompile Include="sort함수 시간 측정.cpp">
      <Filter>소스 파일</Filter>
    </ClCompile>
    <ClCompile Include="템플릿 연습.cpp">
      <Filter>소스 파일</Filter>
    </ClCompile>
    <ClCompile Include="2주 2일-과제 복습.cpp">
      <Filter>소스 파일</Filter>
    </ClCompile>
    <ClCompile Include="2주 2일 문제 2 복습.cpp">
      <Filter>소스 파일</Filter>
    </ClCompile>
    <ClCompile Include="파일 입출력 실험.cpp">
      <Filter>소스 파일</Filter>
    </ClCompile>
    <ClCompile Include="3주 1일 .cpp">
      <Filter>소스 파일</Filter>
    </ClCompile>
    <ClCompile Include="3주 1일 - 다수의 클래스 객체 활용.cpp">
      <Filter>소스 파일</Filter>
    </ClCompile>
    <ClCompile Include="3주 2일1.cpp">
      <Filter>소스 파일</Filter>
    </ClCompile>
    <ClCompile Include="함수포인터.cpp">
      <Filter>소스 파일</Filter>
    </ClCompile>
    <ClCompile Include="functional 헤더파일 사용.cpp">
      <Filter>소스 파일</Filter>
    </ClCompile>
    <ClCompile Include="스마트 포인터.cpp">
      <Filter>소스 파일</Filter>
    </ClCompile>
    <ClCompile Include="String.cpp">
      <Filter>소스 파일</Filter>
    </ClCompile>
    <ClCompile Include="STL 시작.cpp">
      <Filter>소스 파일\STL\vector</Filter>
    </ClCompile>
    <ClCompile Include="String 헤더를 사용.cpp">
      <Filter>소스 파일\STL\vector</Filter>
    </ClCompile>
    <ClCompile Include="vector 사용.cpp">
      <Filter>소스 파일\STL\vector</Filter>
    </ClCompile>
    <ClCompile Include="vector 삭제.cpp">
      <Filter>소스 파일\STL\vector</Filter>
    </ClCompile>
    <ClCompile Include="vector 정수 만개 count.cpp">
      <Filter>소스 파일\STL\vector</Filter>
    </ClCompile>
    <ClCompile Include="list_remove 사용.cpp">
      <Filter>소스 파일\STL\list</Filter>
    </ClCompile>
    <ClCompile Include="list 원소 제거.cpp">
      <Filter>소스 파일\STL\list</Filter>
    </ClCompile>
    <ClCompile Include="list의 splice와 merge.cpp">
      <Filter>소스 파일\STL\list</Filter>
    </ClCompile>
    <ClCompile Include="list sort 와 unique.cpp">
      <Filter>소스 파일\STL\list</Filter>
    </ClCompile>
    <ClCompile Include="STL Wiki 로 여러가지.cpp">
      <Filter>소스 파일\STL\파일열기</Filter>
    </ClCompile>
    <ClCompile Include="STL Wiki.txt 읽기.cpp">
      <Filter>소스 파일\STL\파일열기</Filter>
    </ClCompile>
    <ClCompile Include="STL wiki.txt 파일 거꾸로 출력.cpp">
      <Filter>소스 파일\STL\파일열기</Filter>
    </ClCompile>
    <ClCompile Include="반복자1.cpp">
      <Filter>소스 파일\STL\반복자</Filter>
    </ClCompile>
    <ClCompile Include="String 헤더파일 수정.cpp">
      <Filter>소스 파일\STL\반복자</Filter>
    </ClCompile>
    <ClCompile Include="제네릭1.cpp">
      <Filter>소스 파일\STL\제네릭 함수</Filter>
    </ClCompile>
    <ClCompile Include="map 연습.cpp">
      <Filter>소스 파일\STL\Map</Filter>
    </ClCompile>
  </ItemGroup>
  <ItemGroup>
    <ClInclude Include="String.h">
      <Filter>헤더 파일</Filter>
    </ClInclude>
    <ClInclude Include="save.h">
      <Filter>헤더 파일</Filter>
    </ClInclude>
  </ItemGroup>
</Project>